
Microsoft Visual Studio Solution File, Format Version 12.00
# Visual Studio Version 17
VisualStudioVersion = 17.2.32616.157
MinimumVisualStudioVersion = 10.0.40219.1
Project("{FAE04EC0-301F-11D3-BF4B-00C04F79EFBC}") = "Asp.NetStudentManagementSystem", "Asp.NetStudentManagementSystem\Asp.NetStudentManagementSystem.csproj", "{C034B5E9-B045-44C3-9755-21ED9112C4E6}"
EndProject
Global
	GlobalSection(SolutionConfigurationPlatforms) = preSolution
		Debug|Any CPU = Debug|Any CPU
		Release|Any CPU = Release|Any CPU
	EndGlobalSection
	GlobalSection(ProjectConfigurationPlatforms) = postSolution
		{C034B5E9-B045-44C3-9755-21ED9112C4E6}.Debug|Any CPU.ActiveCfg = Debug|Any CPU
		{C034B5E9-B045-44C3-9755-21ED9112C4E6}.Debug|Any CPU.Build.0 = Debug|Any CPU
		{C034B5E9-B045-44C3-9755-21ED9112C4E6}.Release|Any CPU.ActiveCfg = Release|Any CPU
		{C034B5E9-B045-44C3-9755-21ED9112C4E6}.Release|Any CPU.Build.0 = Release|Any CPU
	EndGlobalSection
	GlobalSection(SolutionProperties) = preSolution
		HideSolutionNode = FALSE
	EndGlobalSection
	GlobalSection(ExtensibilityGlobals) = postSolution
		SolutionGuid = {DEB1E60D-1A92-4417-9F57-0C84AB8CA992}
	EndGlobalSection
EndGlobal
